{
  "name": "@journey-to-code/open-release",
  "version": "1.0.4",
  "lockfileVersion": 3,
  "requires": true,
  "packages": {
    "": {
      "name": "@journey-to-code/open-release",
      "version": "1.0.4",
      "license": "MIT",
      "dependencies": {
        "@journey-to-code/open-preflight": "^1.0.0"
      },
      "bin": {
        "open-release": "bin/open-release.js"
      },
      "engines": {
        "node": ">=18"
      }
    },
    "node_modules/@journey-to-code/open-preflight": {
      "version": "1.0.0",
      "resolved": "https://registry.npmjs.org/@journey-to-code/open-preflight/-/open-preflight-1.0.0.tgz",
      "integrity": "sha512-+0qVGSxfVBa45XagvMWr3ttg3zk7skvOhxlCSXTltWeztkett9P3g1QcFw7MDel/D06IWHi5FOVTzZI26gcr8A==",
      "license": "MIT",
      "bin": {
        "open-preflight": "bin/open-preflight.js"
      },
      "engines": {
        "node": ">=18"
      }
    }
  }
}
